
Microsoft Visual Studio Solution File, Format Version 12.00
# Visual Studio 2012
Project("{2150E333-8FDC-42A3-9474-1A3956D46DE8}") = "Clients", "Clients", "{2D88A885-37B0-4B38-B4E2-96FB0AB89423}"
EndProject
Project("{FAE04EC0-301F-11D3-BF4B-00C04F79EFBC}") = "ConsoleClient", "ConsoleClient\ConsoleClient.csproj", "{D1811111-5B60-420D-ACE7-108A36FC9040}"
EndProject
Project("{2150E333-8FDC-42A3-9474-1A3956D46DE8}") = "Solution Items", "Solution Items", "{D9987CBD-721A-4415-BE22-6A8A6278D907}"
	ProjectSection(SolutionItems) = preProject
		Persons.sdf = Persons.sdf
	EndProjectSection
EndProject
Project("{FAE04EC0-301F-11D3-BF4B-00C04F79EFBC}") = "DataAccess", "DataAccess\DataAccess.csproj", "{46CDAB57-01AA-4584-8962-51DAEF0D3D40}"
EndProject
Project("{FAE04EC0-301F-11D3-BF4B-00C04F79EFBC}") = "WpfClient", "WpfClient\WpfClient.csproj", "{901036CF-46BD-42B0-AFDC-16E93441F737}"
EndProject
Project("{FAE04EC0-301F-11D3-BF4B-00C04F79EFBC}") = "WebFormsClient", "WebFormsClient\WebFormsClient.csproj", "{472D8A71-BF13-482B-BF0E-7727AB92BDCC}"
EndProject
Global
	GlobalSection(SolutionConfigurationPlatforms) = preSolution
		Debug|Any CPU = Debug|Any CPU
		Release|Any CPU = Release|Any CPU
	EndGlobalSection
	GlobalSection(ProjectConfigurationPlatforms) = postSolution
		{D1811111-5B60-420D-ACE7-108A36FC9040}.Debug|Any CPU.ActiveCfg = Debug|Any CPU
		{D1811111-5B60-420D-ACE7-108A36FC9040}.Debug|Any CPU.Build.0 = Debug|Any CPU
		{D1811111-5B60-420D-ACE7-108A36FC9040}.Release|Any CPU.ActiveCfg = Release|Any CPU
		{D1811111-5B60-420D-ACE7-108A36FC9040}.Release|Any CPU.Build.0 = Release|Any CPU
		{46CDAB57-01AA-4584-8962-51DAEF0D3D40}.Debug|Any CPU.ActiveCfg = Debug|Any CPU
		{46CDAB57-01AA-4584-8962-51DAEF0D3D40}.Debug|Any CPU.Build.0 = Debug|Any CPU
		{46CDAB57-01AA-4584-8962-51DAEF0D3D40}.Release|Any CPU.ActiveCfg = Release|Any CPU
		{46CDAB57-01AA-4584-8962-51DAEF0D3D40}.Release|Any CPU.Build.0 = Release|Any CPU
		{901036CF-46BD-42B0-AFDC-16E93441F737}.Debug|Any CPU.ActiveCfg = Debug|Any CPU
		{901036CF-46BD-42B0-AFDC-16E93441F737}.Debug|Any CPU.Build.0 = Debug|Any CPU
		{901036CF-46BD-42B0-AFDC-16E93441F737}.Release|Any CPU.ActiveCfg = Release|Any CPU
		{901036CF-46BD-42B0-AFDC-16E93441F737}.Release|Any CPU.Build.0 = Release|Any CPU
		{472D8A71-BF13-482B-BF0E-7727AB92BDCC}.Debug|Any CPU.ActiveCfg = Debug|Any CPU
		{472D8A71-BF13-482B-BF0E-7727AB92BDCC}.Debug|Any CPU.Build.0 = Debug|Any CPU
		{472D8A71-BF13-482B-BF0E-7727AB92BDCC}.Release|Any CPU.ActiveCfg = Release|Any CPU
		{472D8A71-BF13-482B-BF0E-7727AB92BDCC}.Release|Any CPU.Build.0 = Release|Any CPU
	EndGlobalSection
	GlobalSection(SolutionProperties) = preSolution
		HideSolutionNode = FALSE
	EndGlobalSection
	GlobalSection(NestedProjects) = preSolution
		{D1811111-5B60-420D-ACE7-108A36FC9040} = {2D88A885-37B0-4B38-B4E2-96FB0AB89423}
		{901036CF-46BD-42B0-AFDC-16E93441F737} = {2D88A885-37B0-4B38-B4E2-96FB0AB89423}
		{472D8A71-BF13-482B-BF0E-7727AB92BDCC} = {2D88A885-37B0-4B38-B4E2-96FB0AB89423}
	EndGlobalSection
EndGlobal
